
Microsoft Visual Studio Solution File, Format Version 12.00
# Visual Studio Version 17
VisualStudioVersion = 17.4.33205.214
MinimumVisualStudioVersion = 10.0.40219.1
Project("{9A19103F-16F7-4668-BE54-9A1E7A4F7556}") = "AdressBok", "AdressBok.csproj", "{8B8CE93D-FC47-4A76-ABFB-E2525D4234A5}"
EndProject
Project("{FAE04EC0-301F-11D3-BF4B-00C04F79EFBC}") = "AdressBookTests", "..\AdressBookTests\AdressBookTests.csproj", "{9B92C05D-1BC8-4834-A454-52AFC37165B8}"
EndProject
Global
	GlobalSection(SolutionConfigurationPlatforms) = preSolution
		Debug|Any CPU = Debug|Any CPU
		Release|Any CPU = Release|Any CPU
	EndGlobalSection
	GlobalSection(ProjectConfigurationPlatforms) = postSolution
		{8B8CE93D-FC47-4A76-ABFB-E2525D4234A5}.Debug|Any CPU.ActiveCfg = Debug|Any CPU
		{8B8CE93D-FC47-4A76-ABFB-E2525D4234A5}.Debug|Any CPU.Build.0 = Debug|Any CPU
		{8B8CE93D-FC47-4A76-ABFB-E2525D4234A5}.Release|Any CPU.ActiveCfg = Release|Any CPU
		{8B8CE93D-FC47-4A76-ABFB-E2525D4234A5}.Release|Any CPU.Build.0 = Release|Any CPU
		{9B92C05D-1BC8-4834-A454-52AFC37165B8}.Debug|Any CPU.ActiveCfg = Debug|Any CPU
		{9B92C05D-1BC8-4834-A454-52AFC37165B8}.Debug|Any CPU.Build.0 = Debug|Any CPU
		{9B92C05D-1BC8-4834-A454-52AFC37165B8}.Release|Any CPU.ActiveCfg = Release|Any CPU
		{9B92C05D-1BC8-4834-A454-52AFC37165B8}.Release|Any CPU.Build.0 = Release|Any CPU
	EndGlobalSection
	GlobalSection(SolutionProperties) = preSolution
		HideSolutionNode = FALSE
	EndGlobalSection
	GlobalSection(ExtensibilityGlobals) = postSolution
		SolutionGuid = {4B4C911E-99D9-4808-B6A2-F75425361A5B}
	EndGlobalSection
EndGlobal
